
Microsoft Visual Studio Solution File, Format Version 12.00
# Visual Studio Version 16
VisualStudioVersion = 16.0.30309.148
MinimumVisualStudioVersion = 10.0.40219.1
Project("{FAE04EC0-301F-11D3-BF4B-00C04F79EFBC}") = "part3a", "part3a.csproj", "{D5E5B8E6-E298-4223-B59B-229D84531FD5}"
EndProject
Global
	GlobalSection(SolutionConfigurationPlatforms) = preSolution
		Debug|Any CPU = Debug|Any CPU
		Release|Any CPU = Release|Any CPU
	EndGlobalSection
	GlobalSection(ProjectConfigurationPlatforms) = postSolution
		{D5E5B8E6-E298-4223-B59B-229D84531FD5}.Debug|Any CPU.ActiveCfg = Debug|Any CPU
		{D5E5B8E6-E298-4223-B59B-229D84531FD5}.Debug|Any CPU.Build.0 = Debug|Any CPU
		{D5E5B8E6-E298-4223-B59B-229D84531FD5}.Release|Any CPU.ActiveCfg = Release|Any CPU
		{D5E5B8E6-E298-4223-B59B-229D84531FD5}.Release|Any CPU.Build.0 = Release|Any CPU
	EndGlobalSection
	GlobalSection(SolutionProperties) = preSolution
		HideSolutionNode = FALSE
	EndGlobalSection
	GlobalSection(ExtensibilityGlobals) = postSolution
		SolutionGuid = {DC17F990-5A83-4589-994E-03F3E7E5A81F}
	EndGlobalSection
EndGlobal
